
Microsoft Visual Studio Solution File, Format Version 12.00
# Visual Studio Version 16
VisualStudioVersion = 25.0.1700.0
MinimumVisualStudioVersion = 10.0.40219.1
Project("{FAE04EC0-301F-11D3-BF4B-00C04F79EFBC}") = "Api.Internal", "Api.Internal\Api.Internal.csproj", "{8AC440A8-2246-496E-B934-87CE802846D6}"
EndProject
Project("{FAE04EC0-301F-11D3-BF4B-00C04F79EFBC}") = "Site.External", "Site.External\Site.External.csproj", "{292273A3-1595-48F3-BC6D-B10D5317C040}"
EndProject
Project("{FAE04EC0-301F-11D3-BF4B-00C04F79EFBC}") = "Common.Lib", "Common.Lib\Common.Lib.csproj", "{1AFB3205-865B-4766-96F3-273D0A35070C}"
EndProject
Project("{E53339B2-1760-4266-BCC7-CA923CBCF16C}") = "docker-compose", "docker-compose.dcproj", "{DD064EA1-8B4D-465C-B2F9-D138A9E9EFBE}"
EndProject
Global
	GlobalSection(SolutionConfigurationPlatforms) = preSolution
		Debug|Any CPU = Debug|Any CPU
		Release|Any CPU = Release|Any CPU
	EndGlobalSection
	GlobalSection(ProjectConfigurationPlatforms) = postSolution
		{8AC440A8-2246-496E-B934-87CE802846D6}.Debug|Any CPU.ActiveCfg = Debug|Any CPU
		{8AC440A8-2246-496E-B934-87CE802846D6}.Debug|Any CPU.Build.0 = Debug|Any CPU
		{8AC440A8-2246-496E-B934-87CE802846D6}.Release|Any CPU.ActiveCfg = Release|Any CPU
		{8AC440A8-2246-496E-B934-87CE802846D6}.Release|Any CPU.Build.0 = Release|Any CPU
		{292273A3-1595-48F3-BC6D-B10D5317C040}.Debug|Any CPU.ActiveCfg = Debug|Any CPU
		{292273A3-1595-48F3-BC6D-B10D5317C040}.Debug|Any CPU.Build.0 = Debug|Any CPU
		{292273A3-1595-48F3-BC6D-B10D5317C040}.Release|Any CPU.ActiveCfg = Release|Any CPU
		{292273A3-1595-48F3-BC6D-B10D5317C040}.Release|Any CPU.Build.0 = Release|Any CPU
		{1AFB3205-865B-4766-96F3-273D0A35070C}.Debug|Any CPU.ActiveCfg = Debug|Any CPU
		{1AFB3205-865B-4766-96F3-273D0A35070C}.Debug|Any CPU.Build.0 = Debug|Any CPU
		{1AFB3205-865B-4766-96F3-273D0A35070C}.Release|Any CPU.ActiveCfg = Release|Any CPU
		{1AFB3205-865B-4766-96F3-273D0A35070C}.Release|Any CPU.Build.0 = Release|Any CPU
		{DD064EA1-8B4D-465C-B2F9-D138A9E9EFBE}.Debug|Any CPU.ActiveCfg = Debug|Any CPU
		{DD064EA1-8B4D-465C-B2F9-D138A9E9EFBE}.Debug|Any CPU.Build.0 = Debug|Any CPU
		{DD064EA1-8B4D-465C-B2F9-D138A9E9EFBE}.Release|Any CPU.ActiveCfg = Release|Any CPU
		{DD064EA1-8B4D-465C-B2F9-D138A9E9EFBE}.Release|Any CPU.Build.0 = Release|Any CPU
	EndGlobalSection
	GlobalSection(SolutionProperties) = preSolution
		HideSolutionNode = FALSE
	EndGlobalSection
	GlobalSection(ExtensibilityGlobals) = postSolution
		SolutionGuid = {F6EB36FD-AE40-4ABB-84B5-0802F512F702}
	EndGlobalSection
EndGlobal
